
Microsoft Visual Studio Solution File, Format Version 10.00
# Visual Studio 2008
Project("{8BC9CEB8-8B4A-11D0-8D11-00A0C91BC942}") = "SWG Injector", "SWG Injector\SWG Injector.vcproj", "{174F6CD1-04F8-4BED-93F9-CD838CD1F1B9}"
EndProject
Global
	GlobalSection(SolutionConfigurationPlatforms) = preSolution
		Debug|Win32 = Debug|Win32
		Release|Win32 = Release|Win32
	EndGlobalSection
	GlobalSection(ProjectConfigurationPlatforms) = postSolution
		{174F6CD1-04F8-4BED-93F9-CD838CD1F1B9}.Debug|Win32.ActiveCfg = Debug|Win32
		{174F6CD1-04F8-4BED-93F9-CD838CD1F1B9}.Debug|Win32.Build.0 = Debug|Win32
		{174F6CD1-04F8-4BED-93F9-CD838CD1F1B9}.Release|Win32.ActiveCfg = Release|Win32
		{174F6CD1-04F8-4BED-93F9-CD838CD1F1B9}.Release|Win32.Build.0 = Release|Win32
	EndGlobalSection
	GlobalSection(SolutionProperties) = preSolution
		HideSolutionNode = FALSE
	EndGlobalSection
EndGlobal
